
Microsoft Visual Studio Solution File, Format Version 12.00
# Visual Studio 15
VisualStudioVersion = 15.0.28307.779
MinimumVisualStudioVersion = 10.0.40219.1
Project("{FAE04EC0-301F-11D3-BF4B-00C04F79EFBC}") = "Lab01_Bai03", "Lab01_Bai03\Lab01_Bai03.csproj", "{C859D9C9-3F58-41E7-AEE6-28F321195BE1}"
EndProject
Global
	GlobalSection(SolutionConfigurationPlatforms) = preSolution
		Debug|Any CPU = Debug|Any CPU
		Release|Any CPU = Release|Any CPU
	EndGlobalSection
	GlobalSection(ProjectConfigurationPlatforms) = postSolution
		{C859D9C9-3F58-41E7-AEE6-28F321195BE1}.Debug|Any CPU.ActiveCfg = Debug|Any CPU
		{C859D9C9-3F58-41E7-AEE6-28F321195BE1}.Debug|Any CPU.Build.0 = Debug|Any CPU
		{C859D9C9-3F58-41E7-AEE6-28F321195BE1}.Release|Any CPU.ActiveCfg = Release|Any CPU
		{C859D9C9-3F58-41E7-AEE6-28F321195BE1}.Release|Any CPU.Build.0 = Release|Any CPU
	EndGlobalSection
	GlobalSection(SolutionProperties) = preSolution
		HideSolutionNode = FALSE
	EndGlobalSection
	GlobalSection(ExtensibilityGlobals) = postSolution
		SolutionGuid = {CD3FA002-F932-4232-95EA-19BCB1C5F41F}
	EndGlobalSection
EndGlobal
