
Microsoft Visual Studio Solution File, Format Version 12.00
# Visual Studio 15
VisualStudioVersion = 15.0.28307.779
MinimumVisualStudioVersion = 10.0.40219.1
Project("{FAE04EC0-301F-11D3-BF4B-00C04F79EFBC}") = "Bai05", "Bai05\Bai05.csproj", "{DCFA2AA6-AF6A-411C-BE55-9CE3CFEF4DE3}"
EndProject
Global
	GlobalSection(SolutionConfigurationPlatforms) = preSolution
		Debug|Any CPU = Debug|Any CPU
		Release|Any CPU = Release|Any CPU
	EndGlobalSection
	GlobalSection(ProjectConfigurationPlatforms) = postSolution
		{DCFA2AA6-AF6A-411C-BE55-9CE3CFEF4DE3}.Debug|Any CPU.ActiveCfg = Debug|Any CPU
		{DCFA2AA6-AF6A-411C-BE55-9CE3CFEF4DE3}.Debug|Any CPU.Build.0 = Debug|Any CPU
		{DCFA2AA6-AF6A-411C-BE55-9CE3CFEF4DE3}.Release|Any CPU.ActiveCfg = Release|Any CPU
		{DCFA2AA6-AF6A-411C-BE55-9CE3CFEF4DE3}.Release|Any CPU.Build.0 = Release|Any CPU
	EndGlobalSection
	GlobalSection(SolutionProperties) = preSolution
		HideSolutionNode = FALSE
	EndGlobalSection
	GlobalSection(ExtensibilityGlobals) = postSolution
		SolutionGuid = {F989F3D1-3DE4-428D-AE95-AB4D8A2DD495}
	EndGlobalSection
EndGlobal
