
Microsoft Visual Studio Solution File, Format Version 12.00
# Visual Studio 15
VisualStudioVersion = 15.0.28307.779
MinimumVisualStudioVersion = 10.0.40219.1
Project("{FAE04EC0-301F-11D3-BF4B-00C04F79EFBC}") = "Lab01_Bai02", "Lab01_Bai02\Lab01_Bai02.csproj", "{1E13A715-4C41-460D-BF52-F23C62DC04A5}"
EndProject
Global
	GlobalSection(SolutionConfigurationPlatforms) = preSolution
		Debug|Any CPU = Debug|Any CPU
		Release|Any CPU = Release|Any CPU
	EndGlobalSection
	GlobalSection(ProjectConfigurationPlatforms) = postSolution
		{1E13A715-4C41-460D-BF52-F23C62DC04A5}.Debug|Any CPU.ActiveCfg = Debug|Any CPU
		{1E13A715-4C41-460D-BF52-F23C62DC04A5}.Debug|Any CPU.Build.0 = Debug|Any CPU
		{1E13A715-4C41-460D-BF52-F23C62DC04A5}.Release|Any CPU.ActiveCfg = Release|Any CPU
		{1E13A715-4C41-460D-BF52-F23C62DC04A5}.Release|Any CPU.Build.0 = Release|Any CPU
	EndGlobalSection
	GlobalSection(SolutionProperties) = preSolution
		HideSolutionNode = FALSE
	EndGlobalSection
	GlobalSection(ExtensibilityGlobals) = postSolution
		SolutionGuid = {7FD354B7-44A9-44AE-89A5-6040C32173BD}
	EndGlobalSection
EndGlobal
